
Microsoft Visual Studio Solution File, Format Version 12.00
# Visual Studio 14
VisualStudioVersion = 14.0.24720.0
MinimumVisualStudioVersion = 10.0.40219.1
Project("{FAE04EC0-301F-11D3-BF4B-00C04F79EFBC}") = "IISApp", "IISApp\IISApp.csproj", "{CA8B1090-A342-41D7-B039-2DA75A2811A8}"
EndProject
Project("{FAE04EC0-301F-11D3-BF4B-00C04F79EFBC}") = "IISApp.Tests", "IISApp.Tests\IISApp.Tests.csproj", "{324AD08A-76C6-47E2-B5E1-20B7DA15E460}"
EndProject
Project("{FAE04EC0-301F-11D3-BF4B-00C04F79EFBC}") = "Daemon", "Daemon\Daemon.csproj", "{878D06C9-56F5-472A-B56B-934118488451}"
EndProject
Project("{FAE04EC0-301F-11D3-BF4B-00C04F79EFBC}") = "ServiceLayer", "ServiceLayer\ServiceLayer.csproj", "{BB2AB5B0-0030-423A-873F-3FB1E490DD30}"
EndProject
Project("{FAE04EC0-301F-11D3-BF4B-00C04F79EFBC}") = "DatabaseLayer", "DatabaseLayer\DatabaseLayer.csproj", "{FEA044EA-C500-4B6F-A872-0D956FF3109D}"
EndProject
Global
	GlobalSection(SolutionConfigurationPlatforms) = preSolution
		Debug|Any CPU = Debug|Any CPU
		Release|Any CPU = Release|Any CPU
	EndGlobalSection
	GlobalSection(ProjectConfigurationPlatforms) = postSolution
		{CA8B1090-A342-41D7-B039-2DA75A2811A8}.Debug|Any CPU.ActiveCfg = Debug|Any CPU
		{CA8B1090-A342-41D7-B039-2DA75A2811A8}.Debug|Any CPU.Build.0 = Debug|Any CPU
		{CA8B1090-A342-41D7-B039-2DA75A2811A8}.Release|Any CPU.ActiveCfg = Release|Any CPU
		{CA8B1090-A342-41D7-B039-2DA75A2811A8}.Release|Any CPU.Build.0 = Release|Any CPU
		{324AD08A-76C6-47E2-B5E1-20B7DA15E460}.Debug|Any CPU.ActiveCfg = Debug|Any CPU
		{324AD08A-76C6-47E2-B5E1-20B7DA15E460}.Debug|Any CPU.Build.0 = Debug|Any CPU
		{324AD08A-76C6-47E2-B5E1-20B7DA15E460}.Release|Any CPU.ActiveCfg = Release|Any CPU
		{324AD08A-76C6-47E2-B5E1-20B7DA15E460}.Release|Any CPU.Build.0 = Release|Any CPU
		{878D06C9-56F5-472A-B56B-934118488451}.Debug|Any CPU.ActiveCfg = Debug|Any CPU
		{878D06C9-56F5-472A-B56B-934118488451}.Debug|Any CPU.Build.0 = Debug|Any CPU
		{878D06C9-56F5-472A-B56B-934118488451}.Release|Any CPU.ActiveCfg = Release|Any CPU
		{878D06C9-56F5-472A-B56B-934118488451}.Release|Any CPU.Build.0 = Release|Any CPU
		{BB2AB5B0-0030-423A-873F-3FB1E490DD30}.Debug|Any CPU.ActiveCfg = Debug|Any CPU
		{BB2AB5B0-0030-423A-873F-3FB1E490DD30}.Debug|Any CPU.Build.0 = Debug|Any CPU
		{BB2AB5B0-0030-423A-873F-3FB1E490DD30}.Release|Any CPU.ActiveCfg = Release|Any CPU
		{BB2AB5B0-0030-423A-873F-3FB1E490DD30}.Release|Any CPU.Build.0 = Release|Any CPU
		{FEA044EA-C500-4B6F-A872-0D956FF3109D}.Debug|Any CPU.ActiveCfg = Debug|Any CPU
		{FEA044EA-C500-4B6F-A872-0D956FF3109D}.Debug|Any CPU.Build.0 = Debug|Any CPU
		{FEA044EA-C500-4B6F-A872-0D956FF3109D}.Release|Any CPU.ActiveCfg = Release|Any CPU
		{FEA044EA-C500-4B6F-A872-0D956FF3109D}.Release|Any CPU.Build.0 = Release|Any CPU
	EndGlobalSection
	GlobalSection(SolutionProperties) = preSolution
		HideSolutionNode = FALSE
	EndGlobalSection
EndGlobal
